
Microsoft Visual Studio Solution File, Format Version 12.00
# Visual Studio Version 17
VisualStudioVersion = 17.5.002.0
MinimumVisualStudioVersion = 10.0.40219.1
Project("{9A19103F-16F7-4668-BE54-9A1E7A4F7556}") = "AC2RE.Tools", "AC2RE.Tools\AC2RE.Tools.csproj", "{08325227-2A28-40AE-BFD6-1EF3A152062D}"
EndProject
Global
	GlobalSection(SolutionConfigurationPlatforms) = preSolution
		Debug|Any CPU = Debug|Any CPU
		Release|Any CPU = Release|Any CPU
	EndGlobalSection
	GlobalSection(ProjectConfigurationPlatforms) = postSolution
		{08325227-2A28-40AE-BFD6-1EF3A152062D}.Debug|Any CPU.ActiveCfg = Debug|Any CPU
		{08325227-2A28-40AE-BFD6-1EF3A152062D}.Debug|Any CPU.Build.0 = Debug|Any CPU
		{08325227-2A28-40AE-BFD6-1EF3A152062D}.Release|Any CPU.ActiveCfg = Release|Any CPU
		{08325227-2A28-40AE-BFD6-1EF3A152062D}.Release|Any CPU.Build.0 = Release|Any CPU
	EndGlobalSection
	GlobalSection(SolutionProperties) = preSolution
		HideSolutionNode = FALSE
	EndGlobalSection
	GlobalSection(ExtensibilityGlobals) = postSolution
		SolutionGuid = {B65B50E8-46AA-4DFD-8041-4F8A7367817E}
	EndGlobalSection
EndGlobal
